
Microsoft Visual Studio Solution File, Format Version 11.00
# Visual Studio 2010
Project("{FAE04EC0-301F-11D3-BF4B-00C04F79EFBC}") = "MCDesigner", "MCDesigner\MCDesigner.csproj", "{02699155-2E6E-4A0F-92DA-44BBFC3EE53A}"
EndProject
Project("{FAE04EC0-301F-11D3-BF4B-00C04F79EFBC}") = "ChartReader", "ChartReader\ChartReader.csproj", "{A1001E09-CEAC-438C-AAE9-6FCE51625CE8}"
EndProject
Global
	GlobalSection(SolutionConfigurationPlatforms) = preSolution
		Debug|Any CPU = Debug|Any CPU
		Debug|Mixed Platforms = Debug|Mixed Platforms
		Debug|x86 = Debug|x86
		Release|Any CPU = Release|Any CPU
		Release|Mixed Platforms = Release|Mixed Platforms
		Release|x86 = Release|x86
	EndGlobalSection
	GlobalSection(ProjectConfigurationPlatforms) = postSolution
		{02699155-2E6E-4A0F-92DA-44BBFC3EE53A}.Debug|Any CPU.ActiveCfg = Debug|x86
		{02699155-2E6E-4A0F-92DA-44BBFC3EE53A}.Debug|Mixed Platforms.ActiveCfg = Debug|x86
		{02699155-2E6E-4A0F-92DA-44BBFC3EE53A}.Debug|Mixed Platforms.Build.0 = Debug|x86
		{02699155-2E6E-4A0F-92DA-44BBFC3EE53A}.Debug|x86.ActiveCfg = Debug|x86
		{02699155-2E6E-4A0F-92DA-44BBFC3EE53A}.Debug|x86.Build.0 = Debug|x86
		{02699155-2E6E-4A0F-92DA-44BBFC3EE53A}.Release|Any CPU.ActiveCfg = Release|x86
		{02699155-2E6E-4A0F-92DA-44BBFC3EE53A}.Release|Mixed Platforms.ActiveCfg = Release|x86
		{02699155-2E6E-4A0F-92DA-44BBFC3EE53A}.Release|Mixed Platforms.Build.0 = Release|x86
		{02699155-2E6E-4A0F-92DA-44BBFC3EE53A}.Release|x86.ActiveCfg = Release|x86
		{02699155-2E6E-4A0F-92DA-44BBFC3EE53A}.Release|x86.Build.0 = Release|x86
		{A1001E09-CEAC-438C-AAE9-6FCE51625CE8}.Debug|Any CPU.ActiveCfg = Debug|Any CPU
		{A1001E09-CEAC-438C-AAE9-6FCE51625CE8}.Debug|Any CPU.Build.0 = Debug|Any CPU
		{A1001E09-CEAC-438C-AAE9-6FCE51625CE8}.Debug|Mixed Platforms.ActiveCfg = Debug|Any CPU
		{A1001E09-CEAC-438C-AAE9-6FCE51625CE8}.Debug|Mixed Platforms.Build.0 = Debug|Any CPU
		{A1001E09-CEAC-438C-AAE9-6FCE51625CE8}.Debug|x86.ActiveCfg = Debug|Any CPU
		{A1001E09-CEAC-438C-AAE9-6FCE51625CE8}.Release|Any CPU.ActiveCfg = Release|Any CPU
		{A1001E09-CEAC-438C-AAE9-6FCE51625CE8}.Release|Any CPU.Build.0 = Release|Any CPU
		{A1001E09-CEAC-438C-AAE9-6FCE51625CE8}.Release|Mixed Platforms.ActiveCfg = Release|Any CPU
		{A1001E09-CEAC-438C-AAE9-6FCE51625CE8}.Release|Mixed Platforms.Build.0 = Release|Any CPU
		{A1001E09-CEAC-438C-AAE9-6FCE51625CE8}.Release|x86.ActiveCfg = Release|Any CPU
	EndGlobalSection
	GlobalSection(SolutionProperties) = preSolution
		HideSolutionNode = FALSE
	EndGlobalSection
EndGlobal
